Microsoft Visual Studio Solution File, Format Version 12.00
# Visual Studio Version 17
VisualStudioVersion = 17.5.2.0
MinimumVisualStudioVersion = 10.0.40219.1
Project("{2150E333-8FDC-42A3-9474-1A3956D46DE8}") = "services", "services", "{5854FF58-B8C5-05C6-5BF2-ACE42193F22B}"
EndProject
Project("{FAE04EC0-301F-11D3-BF4B-00C04F79EFBC}") = "Ecommerce", "services\Ecommerce\Ecommerce.csproj", "{6D8E6AFB-D134-CF64-3EE6-7944A56180CF}"
EndProject
Project("{FAE04EC0-301F-11D3-BF4B-00C04F79EFBC}") = "Notification", "services\Notification\Notification.csproj", "{52A9F3C9-3C8A-D35F-15E8-2925763C62E7}"
EndProject
Global
	GlobalSection(SolutionConfigurationPlatforms) = preSolution
		Debug|Any CPU = Debug|Any CPU
		Release|Any CPU = Release|Any CPU
	EndGlobalSection
	GlobalSection(ProjectConfigurationPlatforms) = postSolution
		{6D8E6AFB-D134-CF64-3EE6-7944A56180CF}.Debug|Any CPU.ActiveCfg = Debug|Any CPU
		{6D8E6AFB-D134-CF64-3EE6-7944A56180CF}.Debug|Any CPU.Build.0 = Debug|Any CPU
		{6D8E6AFB-D134-CF64-3EE6-7944A56180CF}.Release|Any CPU.ActiveCfg = Release|Any CPU
		{6D8E6AFB-D134-CF64-3EE6-7944A56180CF}.Release|Any CPU.Build.0 = Release|Any CPU
		{52A9F3C9-3C8A-D35F-15E8-2925763C62E7}.Debug|Any CPU.ActiveCfg = Debug|Any CPU
		{52A9F3C9-3C8A-D35F-15E8-2925763C62E7}.Debug|Any CPU.Build.0 = Debug|Any CPU
		{52A9F3C9-3C8A-D35F-15E8-2925763C62E7}.Release|Any CPU.ActiveCfg = Release|Any CPU
		{52A9F3C9-3C8A-D35F-15E8-2925763C62E7}.Release|Any CPU.Build.0 = Release|Any CPU
	EndGlobalSection
	GlobalSection(SolutionProperties) = preSolution
		HideSolutionNode = FALSE
	EndGlobalSection
	GlobalSection(NestedProjects) = preSolution
		{6D8E6AFB-D134-CF64-3EE6-7944A56180CF} = {5854FF58-B8C5-05C6-5BF2-ACE42193F22B}
		{52A9F3C9-3C8A-D35F-15E8-2925763C62E7} = {5854FF58-B8C5-05C6-5BF2-ACE42193F22B}
	EndGlobalSection
	GlobalSection(ExtensibilityGlobals) = postSolution
		SolutionGuid = {9F2E4501-5A1E-44A5-8D6E-877D70D1A3CB}
	EndGlobalSection
EndGlobal
