
Microsoft Visual Studio Solution File, Format Version 12.00
# Visual Studio Version 17
VisualStudioVersion = 17.5.2.0
MinimumVisualStudioVersion = 10.0.40219.1
Project("{2150E333-8FDC-42A3-9474-1A3956D46DE8}") = "services", "services", "{5854FF58-B8C5-05C6-5BF2-ACE42193F22B}"
EndProject
Project("{2150E333-8FDC-42A3-9474-1A3956D46DE8}") = "User", "User", "{5979469B-CEB9-B27D-9095-D604475979B8}"
EndProject
Project("{FAE04EC0-301F-11D3-BF4B-00C04F79EFBC}") = "User.Domain", "services\User\User.Domain\User.Domain.csproj", "{2A3F0A31-7063-406F-81A2-08B85545E08A}"
EndProject
Project("{FAE04EC0-301F-11D3-BF4B-00C04F79EFBC}") = "User.Infrastructure", "services\User\User.Infrastructure\User.Infrastructure.csproj", "{6A413943-826F-46EE-8C59-2D8F0912BC1A}"
EndProject
Project("{FAE04EC0-301F-11D3-BF4B-00C04F79EFBC}") = "User.Constracts", "services\User\User.Constracts\User.Constracts.csproj", "{D8CB6EFF-BEA1-401D-949F-5A61398F2D44}"
EndProject
Project("{FAE04EC0-301F-11D3-BF4B-00C04F79EFBC}") = "User.Application", "services\User\User.Application\User.Application.csproj", "{714BE485-AF2E-4B21-8689-BF27CB11B5F7}"
EndProject
Project("{FAE04EC0-301F-11D3-BF4B-00C04F79EFBC}") = "User.Api", "services\User\User.Api\User.Api.csproj", "{0DE7A68E-F3F6-41EE-96CF-774EA83D4619}"
EndProject
Project("{2150E333-8FDC-42A3-9474-1A3956D46DE8}") = "Shop", "Shop", "{D83A33BA-8AC7-BFD2-0D0F-D6812FDCD5AA}"
EndProject
Project("{FAE04EC0-301F-11D3-BF4B-00C04F79EFBC}") = "Shop.Domain", "services\Shop\Shop.Domain\Shop.Domain.csproj", "{4CDED138-9070-42A1-9BD7-C41948514991}"
EndProject
Project("{FAE04EC0-301F-11D3-BF4B-00C04F79EFBC}") = "Shop.Contracts", "services\Shop\Shop.Contracts\Shop.Contracts.csproj", "{E040EF2E-8D14-4E1F-B486-16F11CAB313A}"
EndProject
Project("{FAE04EC0-301F-11D3-BF4B-00C04F79EFBC}") = "Shop.Application", "services\Shop\Shop.Application\Shop.Application.csproj", "{3D379AC4-1FF0-4874-BF78-0B4EBF9E0D3D}"
EndProject
Project("{FAE04EC0-301F-11D3-BF4B-00C04F79EFBC}") = "Shop.Infrastructure", "services\Shop\Shop.Infrastructure\Shop.Infrastructure.csproj", "{5FB194C3-71EA-41AF-BB45-054CE71A951A}"
EndProject
Project("{FAE04EC0-301F-11D3-BF4B-00C04F79EFBC}") = "Shop.Api", "services\Shop\Shop.Api\Shop.Api.csproj", "{193819B9-56CC-4C34-AAC4-52063F690173}"
EndProject
Project("{2150E333-8FDC-42A3-9474-1A3956D46DE8}") = "Shared", "Shared", "{A5EA1F1E-CB03-3F21-7936-AD93D9E269C9}"
EndProject
Project("{FAE04EC0-301F-11D3-BF4B-00C04F79EFBC}") = "Shared.Domain", "services\Shared\Shared.Domain\Shared.Domain.csproj", "{9268C1BF-4054-45D0-8271-AFEBA1C1D6B0}"
EndProject
Project("{FAE04EC0-301F-11D3-BF4B-00C04F79EFBC}") = "Shared.Application", "services\Shared\Shared.Application\Shared.Application.csproj", "{A90AB773-5136-49DE-86CC-DC4852D9E404}"
EndProject
Project("{FAE04EC0-301F-11D3-BF4B-00C04F79EFBC}") = "Shared.Infrastructure", "services\Shared\Shared.Infrastructure\Shared.Infrastructure.csproj", "{5276306D-E521-4A3A-9638-A8DC3C78D87F}"
EndProject
Global
	GlobalSection(SolutionConfigurationPlatforms) = preSolution
		Debug|Any CPU = Debug|Any CPU
		Debug|x64 = Debug|x64
		Debug|x86 = Debug|x86
		Release|Any CPU = Release|Any CPU
		Release|x64 = Release|x64
		Release|x86 = Release|x86
	EndGlobalSection
	GlobalSection(ProjectConfigurationPlatforms) = postSolution
		{2A3F0A31-7063-406F-81A2-08B85545E08A}.Debug|Any CPU.ActiveCfg = Debug|Any CPU
		{2A3F0A31-7063-406F-81A2-08B85545E08A}.Debug|Any CPU.Build.0 = Debug|Any CPU
		{2A3F0A31-7063-406F-81A2-08B85545E08A}.Debug|x64.ActiveCfg = Debug|Any CPU
		{2A3F0A31-7063-406F-81A2-08B85545E08A}.Debug|x64.Build.0 = Debug|Any CPU
		{2A3F0A31-7063-406F-81A2-08B85545E08A}.Debug|x86.ActiveCfg = Debug|Any CPU
		{2A3F0A31-7063-406F-81A2-08B85545E08A}.Debug|x86.Build.0 = Debug|Any CPU
		{2A3F0A31-7063-406F-81A2-08B85545E08A}.Release|Any CPU.ActiveCfg = Release|Any CPU
		{2A3F0A31-7063-406F-81A2-08B85545E08A}.Release|Any CPU.Build.0 = Release|Any CPU
		{2A3F0A31-7063-406F-81A2-08B85545E08A}.Release|x64.ActiveCfg = Release|Any CPU
		{2A3F0A31-7063-406F-81A2-08B85545E08A}.Release|x64.Build.0 = Release|Any CPU
		{2A3F0A31-7063-406F-81A2-08B85545E08A}.Release|x86.ActiveCfg = Release|Any CPU
		{2A3F0A31-7063-406F-81A2-08B85545E08A}.Release|x86.Build.0 = Release|Any CPU
		{6A413943-826F-46EE-8C59-2D8F0912BC1A}.Debug|Any CPU.ActiveCfg = Debug|Any CPU
		{6A413943-826F-46EE-8C59-2D8F0912BC1A}.Debug|Any CPU.Build.0 = Debug|Any CPU
		{6A413943-826F-46EE-8C59-2D8F0912BC1A}.Debug|x64.ActiveCfg = Debug|Any CPU
		{6A413943-826F-46EE-8C59-2D8F0912BC1A}.Debug|x64.Build.0 = Debug|Any CPU
		{6A413943-826F-46EE-8C59-2D8F0912BC1A}.Debug|x86.ActiveCfg = Debug|Any CPU
		{6A413943-826F-46EE-8C59-2D8F0912BC1A}.Debug|x86.Build.0 = Debug|Any CPU
		{6A413943-826F-46EE-8C59-2D8F0912BC1A}.Release|Any CPU.ActiveCfg = Release|Any CPU
		{6A413943-826F-46EE-8C59-2D8F0912BC1A}.Release|Any CPU.Build.0 = Release|Any CPU
		{6A413943-826F-46EE-8C59-2D8F0912BC1A}.Release|x64.ActiveCfg = Release|Any CPU
		{6A413943-826F-46EE-8C59-2D8F0912BC1A}.Release|x64.Build.0 = Release|Any CPU
		{6A413943-826F-46EE-8C59-2D8F0912BC1A}.Release|x86.ActiveCfg = Release|Any CPU
		{6A413943-826F-46EE-8C59-2D8F0912BC1A}.Release|x86.Build.0 = Release|Any CPU
		{D8CB6EFF-BEA1-401D-949F-5A61398F2D44}.Debug|Any CPU.ActiveCfg = Debug|Any CPU
		{D8CB6EFF-BEA1-401D-949F-5A61398F2D44}.Debug|Any CPU.Build.0 = Debug|Any CPU
		{D8CB6EFF-BEA1-401D-949F-5A61398F2D44}.Debug|x64.ActiveCfg = Debug|Any CPU
		{D8CB6EFF-BEA1-401D-949F-5A61398F2D44}.Debug|x64.Build.0 = Debug|Any CPU
		{D8CB6EFF-BEA1-401D-949F-5A61398F2D44}.Debug|x86.ActiveCfg = Debug|Any CPU
		{D8CB6EFF-BEA1-401D-949F-5A61398F2D44}.Debug|x86.Build.0 = Debug|Any CPU
		{D8CB6EFF-BEA1-401D-949F-5A61398F2D44}.Release|Any CPU.ActiveCfg = Release|Any CPU
		{D8CB6EFF-BEA1-401D-949F-5A61398F2D44}.Release|Any CPU.Build.0 = Release|Any CPU
		{D8CB6EFF-BEA1-401D-949F-5A61398F2D44}.Release|x64.ActiveCfg = Release|Any CPU
		{D8CB6EFF-BEA1-401D-949F-5A61398F2D44}.Release|x64.Build.0 = Release|Any CPU
		{D8CB6EFF-BEA1-401D-949F-5A61398F2D44}.Release|x86.ActiveCfg = Release|Any CPU
		{D8CB6EFF-BEA1-401D-949F-5A61398F2D44}.Release|x86.Build.0 = Release|Any CPU
		{714BE485-AF2E-4B21-8689-BF27CB11B5F7}.Debug|Any CPU.ActiveCfg = Debug|Any CPU
		{714BE485-AF2E-4B21-8689-BF27CB11B5F7}.Debug|Any CPU.Build.0 = Debug|Any CPU
		{714BE485-AF2E-4B21-8689-BF27CB11B5F7}.Debug|x64.ActiveCfg = Debug|Any CPU
		{714BE485-AF2E-4B21-8689-BF27CB11B5F7}.Debug|x64.Build.0 = Debug|Any CPU
		{714BE485-AF2E-4B21-8689-BF27CB11B5F7}.Debug|x86.ActiveCfg = Debug|Any CPU
		{714BE485-AF2E-4B21-8689-BF27CB11B5F7}.Debug|x86.Build.0 = Debug|Any CPU
		{714BE485-AF2E-4B21-8689-BF27CB11B5F7}.Release|Any CPU.ActiveCfg = Release|Any CPU
		{714BE485-AF2E-4B21-8689-BF27CB11B5F7}.Release|Any CPU.Build.0 = Release|Any CPU
		{714BE485-AF2E-4B21-8689-BF27CB11B5F7}.Release|x64.ActiveCfg = Release|Any CPU
		{714BE485-AF2E-4B21-8689-BF27CB11B5F7}.Release|x64.Build.0 = Release|Any CPU
		{714BE485-AF2E-4B21-8689-BF27CB11B5F7}.Release|x86.ActiveCfg = Release|Any CPU
		{714BE485-AF2E-4B21-8689-BF27CB11B5F7}.Release|x86.Build.0 = Release|Any CPU
		{0DE7A68E-F3F6-41EE-96CF-774EA83D4619}.Debug|Any CPU.ActiveCfg = Debug|Any CPU
		{0DE7A68E-F3F6-41EE-96CF-774EA83D4619}.Debug|Any CPU.Build.0 = Debug|Any CPU
		{0DE7A68E-F3F6-41EE-96CF-774EA83D4619}.Debug|x64.ActiveCfg = Debug|Any CPU
		{0DE7A68E-F3F6-41EE-96CF-774EA83D4619}.Debug|x64.Build.0 = Debug|Any CPU
		{0DE7A68E-F3F6-41EE-96CF-774EA83D4619}.Debug|x86.ActiveCfg = Debug|Any CPU
		{0DE7A68E-F3F6-41EE-96CF-774EA83D4619}.Debug|x86.Build.0 = Debug|Any CPU
		{0DE7A68E-F3F6-41EE-96CF-774EA83D4619}.Release|Any CPU.ActiveCfg = Release|Any CPU
		{0DE7A68E-F3F6-41EE-96CF-774EA83D4619}.Release|Any CPU.Build.0 = Release|Any CPU
		{0DE7A68E-F3F6-41EE-96CF-774EA83D4619}.Release|x64.ActiveCfg = Release|Any CPU
		{0DE7A68E-F3F6-41EE-96CF-774EA83D4619}.Release|x64.Build.0 = Release|Any CPU
		{0DE7A68E-F3F6-41EE-96CF-774EA83D4619}.Release|x86.ActiveCfg = Release|Any CPU
		{0DE7A68E-F3F6-41EE-96CF-774EA83D4619}.Release|x86.Build.0 = Release|Any CPU
		{4CDED138-9070-42A1-9BD7-C41948514991}.Debug|Any CPU.ActiveCfg = Debug|Any CPU
		{4CDED138-9070-42A1-9BD7-C41948514991}.Debug|Any CPU.Build.0 = Debug|Any CPU
		{4CDED138-9070-42A1-9BD7-C41948514991}.Debug|x64.ActiveCfg = Debug|Any CPU
		{4CDED138-9070-42A1-9BD7-C41948514991}.Debug|x64.Build.0 = Debug|Any CPU
		{4CDED138-9070-42A1-9BD7-C41948514991}.Debug|x86.ActiveCfg = Debug|Any CPU
		{4CDED138-9070-42A1-9BD7-C41948514991}.Debug|x86.Build.0 = Debug|Any CPU
		{4CDED138-9070-42A1-9BD7-C41948514991}.Release|Any CPU.ActiveCfg = Release|Any CPU
		{4CDED138-9070-42A1-9BD7-C41948514991}.Release|Any CPU.Build.0 = Release|Any CPU
		{4CDED138-9070-42A1-9BD7-C41948514991}.Release|x64.ActiveCfg = Release|Any CPU
		{4CDED138-9070-42A1-9BD7-C41948514991}.Release|x64.Build.0 = Release|Any CPU
		{4CDED138-9070-42A1-9BD7-C41948514991}.Release|x86.ActiveCfg = Release|Any CPU
		{4CDED138-9070-42A1-9BD7-C41948514991}.Release|x86.Build.0 = Release|Any CPU
		{E040EF2E-8D14-4E1F-B486-16F11CAB313A}.Debug|Any CPU.ActiveCfg = Debug|Any CPU
		{E040EF2E-8D14-4E1F-B486-16F11CAB313A}.Debug|Any CPU.Build.0 = Debug|Any CPU
		{E040EF2E-8D14-4E1F-B486-16F11CAB313A}.Debug|x64.ActiveCfg = Debug|Any CPU
		{E040EF2E-8D14-4E1F-B486-16F11CAB313A}.Debug|x64.Build.0 = Debug|Any CPU
		{E040EF2E-8D14-4E1F-B486-16F11CAB313A}.Debug|x86.ActiveCfg = Debug|Any CPU
		{E040EF2E-8D14-4E1F-B486-16F11CAB313A}.Debug|x86.Build.0 = Debug|Any CPU
		{E040EF2E-8D14-4E1F-B486-16F11CAB313A}.Release|Any CPU.ActiveCfg = Release|Any CPU
		{E040EF2E-8D14-4E1F-B486-16F11CAB313A}.Release|Any CPU.Build.0 = Release|Any CPU
		{E040EF2E-8D14-4E1F-B486-16F11CAB313A}.Release|x64.ActiveCfg = Release|Any CPU
		{E040EF2E-8D14-4E1F-B486-16F11CAB313A}.Release|x64.Build.0 = Release|Any CPU
		{E040EF2E-8D14-4E1F-B486-16F11CAB313A}.Release|x86.ActiveCfg = Release|Any CPU
		{E040EF2E-8D14-4E1F-B486-16F11CAB313A}.Release|x86.Build.0 = Release|Any CPU
		{3D379AC4-1FF0-4874-BF78-0B4EBF9E0D3D}.Debug|Any CPU.ActiveCfg = Debug|Any CPU
		{3D379AC4-1FF0-4874-BF78-0B4EBF9E0D3D}.Debug|Any CPU.Build.0 = Debug|Any CPU
		{3D379AC4-1FF0-4874-BF78-0B4EBF9E0D3D}.Debug|x64.ActiveCfg = Debug|Any CPU
		{3D379AC4-1FF0-4874-BF78-0B4EBF9E0D3D}.Debug|x64.Build.0 = Debug|Any CPU
		{3D379AC4-1FF0-4874-BF78-0B4EBF9E0D3D}.Debug|x86.ActiveCfg = Debug|Any CPU
		{3D379AC4-1FF0-4874-BF78-0B4EBF9E0D3D}.Debug|x86.Build.0 = Debug|Any CPU
		{3D379AC4-1FF0-4874-BF78-0B4EBF9E0D3D}.Release|Any CPU.ActiveCfg = Release|Any CPU
		{3D379AC4-1FF0-4874-BF78-0B4EBF9E0D3D}.Release|Any CPU.Build.0 = Release|Any CPU
		{3D379AC4-1FF0-4874-BF78-0B4EBF9E0D3D}.Release|x64.ActiveCfg = Release|Any CPU
		{3D379AC4-1FF0-4874-BF78-0B4EBF9E0D3D}.Release|x64.Build.0 = Release|Any CPU
		{3D379AC4-1FF0-4874-BF78-0B4EBF9E0D3D}.Release|x86.ActiveCfg = Release|Any CPU
		{3D379AC4-1FF0-4874-BF78-0B4EBF9E0D3D}.Release|x86.Build.0 = Release|Any CPU
		{5FB194C3-71EA-41AF-BB45-054CE71A951A}.Debug|Any CPU.ActiveCfg = Debug|Any CPU
		{5FB194C3-71EA-41AF-BB45-054CE71A951A}.Debug|Any CPU.Build.0 = Debug|Any CPU
		{5FB194C3-71EA-41AF-BB45-054CE71A951A}.Debug|x64.ActiveCfg = Debug|Any CPU
		{5FB194C3-71EA-41AF-BB45-054CE71A951A}.Debug|x64.Build.0 = Debug|Any CPU
		{5FB194C3-71EA-41AF-BB45-054CE71A951A}.Debug|x86.ActiveCfg = Debug|Any CPU
		{5FB194C3-71EA-41AF-BB45-054CE71A951A}.Debug|x86.Build.0 = Debug|Any CPU
		{5FB194C3-71EA-41AF-BB45-054CE71A951A}.Release|Any CPU.ActiveCfg = Release|Any CPU
		{5FB194C3-71EA-41AF-BB45-054CE71A951A}.Release|Any CPU.Build.0 = Release|Any CPU
		{5FB194C3-71EA-41AF-BB45-054CE71A951A}.Release|x64.ActiveCfg = Release|Any CPU
		{5FB194C3-71EA-41AF-BB45-054CE71A951A}.Release|x64.Build.0 = Release|Any CPU
		{5FB194C3-71EA-41AF-BB45-054CE71A951A}.Release|x86.ActiveCfg = Release|Any CPU
		{5FB194C3-71EA-41AF-BB45-054CE71A951A}.Release|x86.Build.0 = Release|Any CPU
		{193819B9-56CC-4C34-AAC4-52063F690173}.Debug|Any CPU.ActiveCfg = Debug|Any CPU
		{193819B9-56CC-4C34-AAC4-52063F690173}.Debug|Any CPU.Build.0 = Debug|Any CPU
		{193819B9-56CC-4C34-AAC4-52063F690173}.Debug|x64.ActiveCfg = Debug|Any CPU
		{193819B9-56CC-4C34-AAC4-52063F690173}.Debug|x64.Build.0 = Debug|Any CPU
		{193819B9-56CC-4C34-AAC4-52063F690173}.Debug|x86.ActiveCfg = Debug|Any CPU
		{193819B9-56CC-4C34-AAC4-52063F690173}.Debug|x86.Build.0 = Debug|Any CPU
		{193819B9-56CC-4C34-AAC4-52063F690173}.Release|Any CPU.ActiveCfg = Release|Any CPU
		{193819B9-56CC-4C34-AAC4-52063F690173}.Release|Any CPU.Build.0 = Release|Any CPU
		{193819B9-56CC-4C34-AAC4-52063F690173}.Release|x64.ActiveCfg = Release|Any CPU
		{193819B9-56CC-4C34-AAC4-52063F690173}.Release|x64.Build.0 = Release|Any CPU
		{193819B9-56CC-4C34-AAC4-52063F690173}.Release|x86.ActiveCfg = Release|Any CPU
		{193819B9-56CC-4C34-AAC4-52063F690173}.Release|x86.Build.0 = Release|Any CPU
		{9268C1BF-4054-45D0-8271-AFEBA1C1D6B0}.Debug|Any CPU.ActiveCfg = Debug|Any CPU
		{9268C1BF-4054-45D0-8271-AFEBA1C1D6B0}.Debug|Any CPU.Build.0 = Debug|Any CPU
		{9268C1BF-4054-45D0-8271-AFEBA1C1D6B0}.Debug|x64.ActiveCfg = Debug|Any CPU
		{9268C1BF-4054-45D0-8271-AFEBA1C1D6B0}.Debug|x64.Build.0 = Debug|Any CPU
		{9268C1BF-4054-45D0-8271-AFEBA1C1D6B0}.Debug|x86.ActiveCfg = Debug|Any CPU
		{9268C1BF-4054-45D0-8271-AFEBA1C1D6B0}.Debug|x86.Build.0 = Debug|Any CPU
		{9268C1BF-4054-45D0-8271-AFEBA1C1D6B0}.Release|Any CPU.ActiveCfg = Release|Any CPU
		{9268C1BF-4054-45D0-8271-AFEBA1C1D6B0}.Release|Any CPU.Build.0 = Release|Any CPU
		{9268C1BF-4054-45D0-8271-AFEBA1C1D6B0}.Release|x64.ActiveCfg = Release|Any CPU
		{9268C1BF-4054-45D0-8271-AFEBA1C1D6B0}.Release|x64.Build.0 = Release|Any CPU
		{9268C1BF-4054-45D0-8271-AFEBA1C1D6B0}.Release|x86.ActiveCfg = Release|Any CPU
		{9268C1BF-4054-45D0-8271-AFEBA1C1D6B0}.Release|x86.Build.0 = Release|Any CPU
		{A90AB773-5136-49DE-86CC-DC4852D9E404}.Debug|Any CPU.ActiveCfg = Debug|Any CPU
		{A90AB773-5136-49DE-86CC-DC4852D9E404}.Debug|Any CPU.Build.0 = Debug|Any CPU
		{A90AB773-5136-49DE-86CC-DC4852D9E404}.Debug|x64.ActiveCfg = Debug|Any CPU
		{A90AB773-5136-49DE-86CC-DC4852D9E404}.Debug|x64.Build.0 = Debug|Any CPU
		{A90AB773-5136-49DE-86CC-DC4852D9E404}.Debug|x86.ActiveCfg = Debug|Any CPU
		{A90AB773-5136-49DE-86CC-DC4852D9E404}.Debug|x86.Build.0 = Debug|Any CPU
		{A90AB773-5136-49DE-86CC-DC4852D9E404}.Release|Any CPU.ActiveCfg = Release|Any CPU
		{A90AB773-5136-49DE-86CC-DC4852D9E404}.Release|Any CPU.Build.0 = Release|Any CPU
		{A90AB773-5136-49DE-86CC-DC4852D9E404}.Release|x64.ActiveCfg = Release|Any CPU
		{A90AB773-5136-49DE-86CC-DC4852D9E404}.Release|x64.Build.0 = Release|Any CPU
		{A90AB773-5136-49DE-86CC-DC4852D9E404}.Release|x86.ActiveCfg = Release|Any CPU
		{A90AB773-5136-49DE-86CC-DC4852D9E404}.Release|x86.Build.0 = Release|Any CPU
		{5276306D-E521-4A3A-9638-A8DC3C78D87F}.Debug|Any CPU.ActiveCfg = Debug|Any CPU
		{5276306D-E521-4A3A-9638-A8DC3C78D87F}.Debug|Any CPU.Build.0 = Debug|Any CPU
		{5276306D-E521-4A3A-9638-A8DC3C78D87F}.Debug|x64.ActiveCfg = Debug|Any CPU
		{5276306D-E521-4A3A-9638-A8DC3C78D87F}.Debug|x64.Build.0 = Debug|Any CPU
		{5276306D-E521-4A3A-9638-A8DC3C78D87F}.Debug|x86.ActiveCfg = Debug|Any CPU
		{5276306D-E521-4A3A-9638-A8DC3C78D87F}.Debug|x86.Build.0 = Debug|Any CPU
		{5276306D-E521-4A3A-9638-A8DC3C78D87F}.Release|Any CPU.ActiveCfg = Release|Any CPU
		{5276306D-E521-4A3A-9638-A8DC3C78D87F}.Release|Any CPU.Build.0 = Release|Any CPU
		{5276306D-E521-4A3A-9638-A8DC3C78D87F}.Release|x64.ActiveCfg = Release|Any CPU
		{5276306D-E521-4A3A-9638-A8DC3C78D87F}.Release|x64.Build.0 = Release|Any CPU
		{5276306D-E521-4A3A-9638-A8DC3C78D87F}.Release|x86.ActiveCfg = Release|Any CPU
		{5276306D-E521-4A3A-9638-A8DC3C78D87F}.Release|x86.Build.0 = Release|Any CPU
	EndGlobalSection
	GlobalSection(SolutionProperties) = preSolution
		HideSolutionNode = FALSE
	EndGlobalSection
	GlobalSection(NestedProjects) = preSolution
		{5979469B-CEB9-B27D-9095-D604475979B8} = {5854FF58-B8C5-05C6-5BF2-ACE42193F22B}
		{2A3F0A31-7063-406F-81A2-08B85545E08A} = {5979469B-CEB9-B27D-9095-D604475979B8}
		{6A413943-826F-46EE-8C59-2D8F0912BC1A} = {5979469B-CEB9-B27D-9095-D604475979B8}
		{D8CB6EFF-BEA1-401D-949F-5A61398F2D44} = {5979469B-CEB9-B27D-9095-D604475979B8}
		{714BE485-AF2E-4B21-8689-BF27CB11B5F7} = {5979469B-CEB9-B27D-9095-D604475979B8}
		{0DE7A68E-F3F6-41EE-96CF-774EA83D4619} = {5979469B-CEB9-B27D-9095-D604475979B8}
		{D83A33BA-8AC7-BFD2-0D0F-D6812FDCD5AA} = {5854FF58-B8C5-05C6-5BF2-ACE42193F22B}
		{4CDED138-9070-42A1-9BD7-C41948514991} = {D83A33BA-8AC7-BFD2-0D0F-D6812FDCD5AA}
		{E040EF2E-8D14-4E1F-B486-16F11CAB313A} = {D83A33BA-8AC7-BFD2-0D0F-D6812FDCD5AA}
		{3D379AC4-1FF0-4874-BF78-0B4EBF9E0D3D} = {D83A33BA-8AC7-BFD2-0D0F-D6812FDCD5AA}
		{5FB194C3-71EA-41AF-BB45-054CE71A951A} = {D83A33BA-8AC7-BFD2-0D0F-D6812FDCD5AA}
		{193819B9-56CC-4C34-AAC4-52063F690173} = {D83A33BA-8AC7-BFD2-0D0F-D6812FDCD5AA}
		{A5EA1F1E-CB03-3F21-7936-AD93D9E269C9} = {5854FF58-B8C5-05C6-5BF2-ACE42193F22B}
		{9268C1BF-4054-45D0-8271-AFEBA1C1D6B0} = {A5EA1F1E-CB03-3F21-7936-AD93D9E269C9}
		{A90AB773-5136-49DE-86CC-DC4852D9E404} = {A5EA1F1E-CB03-3F21-7936-AD93D9E269C9}
		{5276306D-E521-4A3A-9638-A8DC3C78D87F} = {A5EA1F1E-CB03-3F21-7936-AD93D9E269C9}
	EndGlobalSection
	GlobalSection(ExtensibilityGlobals) = postSolution
		SolutionGuid = {9F2E4501-5A1E-44A5-8D6E-877D70D1A3CB}
	EndGlobalSection
EndGlobal
